// !$*UTF8*$!
{
	archiveVersion = 1;
	classes = {
	};
	objectVersion = 48;
	objects = {

/* Begin PBXBuildFile section */
		EEFBC61E1FE7F18C00F43514 /* rest_rpc.cpp in Sources */ = {isa = PBXBuildFile; fileRef = EEFBC61C1FE7F18C00F43514 /* rest_rpc.cpp */; };
		EEFBC61F1FE7F18C00F43514 /* rest_rpc.hpp in Headers */ = {isa = PBXBuildFile; fileRef = EEFBC61D1FE7F18C00F43514 /* rest_rpc.hpp */; };
/* End PBXBuildFile section */

/* Begin PBXFileReference section */
		EEFBC4FF1FE6A44F00F43514 /* librest_rpc.a */ = {isa = PBXFileReference; explicitFileType = archive.ar; includeInIndex = 0; path = librest_rpc.a; sourceTree = BUILT_PRODUCTS_DIR; };
		EEFBC61C1FE7F18C00F43514 /* rest_rpc.cpp */ = {isa = PBXFileReference; lastKnownFileType = sourcecode.cpp.cpp; path = rest_rpc.cpp; sourceTree = "<group>"; };
		EEFBC61D1FE7F18C00F43514 /* rest_rpc.hpp */ = {isa = PBXFileReference; lastKnownFileType = sourcecode.cpp.h; path = rest_rpc.hpp; sourceTree = "<group>"; };
/* End PBXFileReference section */

/* Begin PBXFrameworksBuildPhase section */
		EEFBC4FC1FE6A44F00F43514 /* Frameworks */ = {
			isa = PBXFrameworksBuildPhase;
			buildActionMask = 2147483647;
			files = (
			);
			runOnlyForDeploymentPostprocessing = 0;
		};
/* End PBXFrameworksBuildPhase section */

/* Begin PBXGroup section */
		EEFBC4F61FE6A44F00F43514 = {
			isa = PBXGroup;
			children = (
				EEFBC61B1FE7F17700F43514 /* rest_rpc */,
				EEFBC5001FE6A44F00F43514 /* Products */,
			);
			sourceTree = "<group>";
		};
		EEFBC5001FE6A44F00F43514 /* Products */ = {
			isa = PBXGroup;
			children = (
				EEFBC4FF1FE6A44F00F43514 /* librest_rpc.a */,
			);
			name = Products;
			sourceTree = "<group>";
		};
		EEFBC61B1FE7F17700F43514 /* rest_rpc */ = {
			isa = PBXGroup;
			children = (
				EEFBC61C1FE7F18C00F43514 /* rest_rpc.cpp */,
				EEFBC61D1FE7F18C00F43514 /* rest_rpc.hpp */,
			);
			path = rest_rpc;
			sourceTree = "<group>";
		};
/* End PBXGroup section */

/* Begin PBXHeadersBuildPhase section */
		EEFBC4FD1FE6A44F00F43514 /* Headers */ = {
			isa = PBXHeadersBuildPhase;
			buildActionMask = 2147483647;
			files = (
				EEFBC61F1FE7F18C00F43514 /* rest_rpc.hpp in Headers */,
			);
			runOnlyForDeploymentPostprocessing = 0;
		};
/* End PBXHeadersBuildPhase section */

/* Begin PBXNativeTarget section */
		EEFBC4FE1FE6A44F00F43514 /* rest_rpc */ = {
			isa = PBXNativeTarget;
			buildConfigurationList = EEFBC50A1FE6A44F00F43514 /* Build configuration list for PBXNativeTarget "rest_rpc" */;
			buildPhases = (
				EEFBC4FB1FE6A44F00F43514 /* Sources */,
				EEFBC4FC1FE6A44F00F43514 /* Frameworks */,
				EEFBC4FD1FE6A44F00F43514 /* Headers */,
			);
			buildRules = (
			);
			dependencies = (
			);
			name = rest_rpc;
			productName = rest_rpc;
			productReference = EEFBC4FF1FE6A44F00F43514 /* librest_rpc.a */;
			productType = "com.apple.product-type.library.static";
		};
/* End PBXNativeTarget section */

/* Begin PBXProject section */
		EEFBC4F71FE6A44F00F43514 /* Project object */ = {
			isa = PBXProject;
			attributes = {
				LastUpgradeCheck = 0920;
				ORGANIZATIONNAME = mx1024;
				TargetAttributes = {
					EEFBC4FE1FE6A44F00F43514 = {
						CreatedOnToolsVersion = 9.2;
						ProvisioningStyle = Automatic;
					};
				};
			};
			buildConfigurationList = EEFBC4FA1FE6A44F00F43514 /* Build configuration list for PBXProject "rest_rpc" */;
			compatibilityVersion = "Xcode 8.0";
			developmentRegion = en;
			hasScannedForEncodings = 0;
			knownRegions = (
				en,
			);
			mainGroup = EEFBC4F61FE6A44F00F43514;
			productRefGroup = EEFBC5001FE6A44F00F43514 /* Products */;
			projectDirPath = "";
			projectRoot = "";
			targets = (
				EEFBC4FE1FE6A44F00F43514 /* rest_rpc */,
			);
		};
/* End PBXProject section */

/* Begin PBXSourcesBuildPhase section */
		EEFBC4FB1FE6A44F00F43514 /* Sources */ = {
			isa = PBXSourcesBuildPhase;
			buildActionMask = 2147483647;
			files = (
				EEFBC61E1FE7F18C00F43514 /* rest_rpc.cpp in Sources */,
			);
			runOnlyForDeploymentPostprocessing = 0;
		};
/* End PBXSourcesBuildPhase section */

/* Begin XCBuildConfiguration section */
		EEFBC5081FE6A44F00F43514 /* Debug */ = {
			isa = XCBuildConfiguration;
			buildSettings = {
				ALWAYS_SEARCH_USER_PATHS = NO;
				CLANG_ANALYZER_NONNULL = YES;
				CLANG_ANALYZER_NUMBER_OBJECT_CONVERSION = YES_AGGRESSIVE;
				CLANG_CXX_LANGUAGE_STANDARD = "gnu++14";
				CLANG_CXX_LIBRARY = "libc++";
				CLANG_ENABLE_MODULES = YES;
				CLANG_ENABLE_OBJC_ARC = YES;
				CLANG_WARN_BLOCK_CAPTURE_AUTORELEASING = YES;
				CLANG_WARN_BOOL_CONVERSION = YES;
				CLANG_WARN_COMMA = YES;
				CLANG_WARN_CONSTANT_CONVERSION = YES;
				CLANG_WARN_DIRECT_OBJC_ISA_USAGE = YES_ERROR;
				CLANG_WARN_DOCUMENTATION_COMMENTS = YES;
				CLANG_WARN_EMPTY_BODY = YES;
				CLANG_WARN_ENUM_CONVERSION = YES;
				CLANG_WARN_INFINITE_RECURSION = YES;
				CLANG_WARN_INT_CONVERSION = YES;
				CLANG_WARN_NON_LITERAL_NULL_CONVERSION = YES;
				CLANG_WARN_OBJC_LITERAL_CONVERSION = YES;
				CLANG_WARN_OBJC_ROOT_CLASS = YES_ERROR;
				CLANG_WARN_RANGE_LOOP_ANALYSIS = YES;
				CLANG_WARN_STRICT_PROTOTYPES = YES;
				CLANG_WARN_SUSPICIOUS_MOVE = YES;
				CLANG_WARN_UNGUARDED_AVAILABILITY = YES_AGGRESSIVE;
				CLANG_WARN_UNREACHABLE_CODE = YES;
				CLANG_WARN__DUPLICATE_METHOD_MATCH = YES;
				CODE_SIGN_IDENTITY = "Mac Developer";
				COPY_PHASE_STRIP = NO;
				DEBUG_INFORMATION_FORMAT = dwarf;
				ENABLE_STRICT_OBJC_MSGSEND = YES;
				ENABLE_TESTABILITY = YES;
				GCC_C_LANGUAGE_STANDARD = gnu11;
				GCC_DYNAMIC_NO_PIC = NO;
				GCC_NO_COMMON_BLOCKS = YES;
				GCC_OPTIMIZATION_LEVEL = 0;
				GCC_PREPROCESSOR_DEFINITIONS = (
					"DEBUG=1",
					"$(inherited)",
				);
				GCC_WARN_64_TO_32_BIT_CONVERSION = YES;
				GCC_WARN_ABOUT_RETURN_TYPE = YES_ERROR;
				GCC_WARN_UNDECLARED_SELECTOR = YES;
				GCC_WARN_UNINITIALIZED_AUTOS = YES_AGGRESSIVE;
				GCC_WARN_UNUSED_FUNCTION = YES;
				GCC_WARN_UNUSED_VARIABLE = YES;
				MACOSX_DEPLOYMENT_TARGET = 10.13;
				MTL_ENABLE_DEBUG_INFO = YES;
				ONLY_ACTIVE_ARCH = YES;
				SDKROOT = macosx;
			};
			name = Debug;
		};
		EEFBC5091FE6A44F00F43514 /* Release */ = {
			isa = XCBuildConfiguration;
			buildSettings = {
				ALWAYS_SEARCH_USER_PATHS = NO;
				CLANG_ANALYZER_NONNULL = YES;
				CLANG_ANALYZER_NUMBER_OBJECT_CONVERSION = YES_AGGRESSIVE;
				CLANG_CXX_LANGUAGE_STANDARD = "gnu++14";
				CLANG_CXX_LIBRARY = "libc++";
				CLANG_ENABLE_MODULES = YES;
				CLANG_ENABLE_OBJC_ARC = YES;
				CLANG_WARN_BLOCK_CAPTURE_AUTORELEASING = YES;
				CLANG_WARN_BOOL_CONVERSION = YES;
				CLANG_WARN_COMMA = YES;
				CLANG_WARN_CONSTANT_CONVERSION = YES;
				CLANG_WARN_DIRECT_OBJC_ISA_USAGE = YES_ERROR;
				CLANG_WARN_DOCUMENTATION_COMMENTS = YES;
				CLANG_WARN_EMPTY_BODY = YES;
				CLANG_WARN_ENUM_CONVERSION = YES;
				CLANG_WARN_INFINITE_RECURSION = YES;
				CLANG_WARN_INT_CONVERSION = YES;
				CLANG_WARN_NON_LITERAL_NULL_CONVERSION = YES;
				CLANG_WARN_OBJC_LITERAL_CONVERSION = YES;
				CLANG_WARN_OBJC_ROOT_CLASS = YES_ERROR;
				CLANG_WARN_RANGE_LOOP_ANALYSIS = YES;
				CLANG_WARN_STRICT_PROTOTYPES = YES;
				CLANG_WARN_SUSPICIOUS_MOVE = YES;
				CLANG_WARN_UNGUARDED_AVAILABILITY = YES_AGGRESSIVE;
				CLANG_WARN_UNREACHABLE_CODE = YES;
				CLANG_WARN__DUPLICATE_METHOD_MATCH = YES;
				CODE_SIGN_IDENTITY = "Mac Developer";
				COPY_PHASE_STRIP = NO;
				DEBUG_INFORMATION_FORMAT = "dwarf-with-dsym";
				ENABLE_NS_ASSERTIONS = NO;
				ENABLE_STRICT_OBJC_MSGSEND = YES;
				GCC_C_LANGUAGE_STANDARD = gnu11;
				GCC_NO_COMMON_BLOCKS = YES;
				GCC_WARN_64_TO_32_BIT_CONVERSION = YES;
				GCC_WARN_ABOUT_RETURN_TYPE = YES_ERROR;
				GCC_WARN_UNDECLARED_SELECTOR = YES;
				GCC_WARN_UNINITIALIZED_AUTOS = YES_AGGRESSIVE;
				GCC_WARN_UNUSED_FUNCTION = YES;
				GCC_WARN_UNUSED_VARIABLE = YES;
				MACOSX_DEPLOYMENT_TARGET = 10.13;
				MTL_ENABLE_DEBUG_INFO = NO;
				SDKROOT = macosx;
			};
			name = Release;
		};
		EEFBC50B1FE6A44F00F43514 /* Debug */ = {
			isa = XCBuildConfiguration;
			buildSettings = {
				CODE_SIGN_STYLE = Automatic;
				DEVELOPMENT_TEAM = U4E8853X8K;
				EXECUTABLE_PREFIX = lib;
				GCC_ENABLE_CPP_EXCEPTIONS = YES;
				GCC_ENABLE_CPP_RTTI = YES;
				HEADER_SEARCH_PATHS = (
					../iguana,
					../iguana/third_party/msgpack/include,
					../spdlog/include,
					../rest_rpc,
					../,
				);
				PRODUCT_NAME = "$(TARGET_NAME)";
			};
			name = Debug;
		};
		EEFBC50C1FE6A44F00F43514 /* Release */ = {
			isa = XCBuildConfiguration;
			buildSettings = {
				CODE_SIGN_STYLE = Automatic;
				DEVELOPMENT_TEAM = U4E8853X8K;
				EXECUTABLE_PREFIX = lib;
				GCC_ENABLE_CPP_EXCEPTIONS = YES;
				GCC_ENABLE_CPP_RTTI = YES;
				HEADER_SEARCH_PATHS = (
					../iguana,
					../iguana/third_party/msgpack/include,
					../spdlog/include,
					../rest_rpc,
					../,
				);
				PRODUCT_NAME = "$(TARGET_NAME)";
			};
			name = Release;
		};
/* End XCBuildConfiguration section */

/* Begin XCConfigurationList section */
		EEFBC4FA1FE6A44F00F43514 /* Build configuration list for PBXProject "rest_rpc" */ = {
			isa = XCConfigurationList;
			buildConfigurations = (
				EEFBC5081FE6A44F00F43514 /* Debug */,
				EEFBC5091FE6A44F00F43514 /* Release */,
			);
			defaultConfigurationIsVisible = 0;
			defaultConfigurationName = Release;
		};
		EEFBC50A1FE6A44F00F43514 /* Build configuration list for PBXNativeTarget "rest_rpc" */ = {
			isa = XCConfigurationList;
			buildConfigurations = (
				EEFBC50B1FE6A44F00F43514 /* Debug */,
				EEFBC50C1FE6A44F00F43514 /* Release */,
			);
			defaultConfigurationIsVisible = 0;
			defaultConfigurationName = Release;
		};
/* End XCConfigurationList section */
	};
	rootObject = EEFBC4F71FE6A44F00F43514 /* Project object */;
}
